{
  "pins" : [
    {
      "identity" : "posthog-ios",
      "kind" : "remoteSourceControl",
      "location" : "https://github.com/PostHog/posthog-ios",
      "state" : {
        "revision" : "2f6db7d9ccfac0307722c9a2a4029bf534985e2f",
        "version" : "3.90.2"
      }
    }
  ],
  "version" : 2
}
